%{"anubis": {:hex, :anubis, "0.1.0", "24cafba5a9106112a60607439cbbcf72b581172576978eded353fa080f49e45d", [:mix], []},
  "calliope": {:hex, :calliope, "0.3.0", "81c2937b27094eee8f8a3fce5effb9140cb8a1fbc03620c6ff57a798d400a3ce", [:mix], []},
  "chronos": {:hex, :chronos, "1.0.0", "e567c93ac8183def16b6c389cd996eb5c015a019c503a320cd16a67e9809493b", [:mix], []},
  "cowboy": {:hex, :cowboy, "1.0.4", "a324a8df9f2316c833a470d918aaf73ae894278b8aa6226ce7a9bf699388f878", [:make, :rebar], [{:cowlib, "~> 1.0.0", [hex: :cowlib, optional: false]}, {:ranch, "~> 1.0", [hex: :ranch, optional: false]}]},
  "cowlib": {:hex, :cowlib, "1.0.2", "9d769a1d062c9c3ac753096f868ca121e2730b9a377de23dec0f7e08b1df84ee", [:make], []},
  "earmark": {:hex, :earmark, "0.1.19", "ffec54f520a11b711532c23d8a52b75a74c09697062d10613fa2dbdf8a9db36e", [:mix], []},
  "plug": {:hex, :plug, "0.11.3", "e91f84d602763b5835c5df1321c036d797e8747749602b05e39d3fcf0f574aef", [:mix], [{:cowboy, "~> 1.0", [hex: :cowboy, optional: true]}]},
  "poison": {:hex, :poison, "3.1.0", "d9eb636610e096f86f25d9a46f35a9facac35609a7591b3be3326e99a0484665", [:mix], []},
  "ranch": {:hex, :ranch, "1.3.2", "e4965a144dc9fbe70e5c077c65e73c57165416a901bd02ea899cfd95aa890986", [:rebar3], []},
  "rss": {:hex, :rss, "0.2.1", "034f2fe5250a490862e692eb34a31bb5c142913c2fe0fb093e1fd982f010e15d", [:mix], []}}
